
Microsoft Visual Studio Solution File, Format Version 12.00
# Visual Studio Version 16
VisualStudioVersion = 16.0.29613.14
MinimumVisualStudioVersion = 10.0.40219.1
Project("{FAE04EC0-301F-11D3-BF4B-00C04F79EFBC}") = "WEBDMO3", "WEBDMO3\WEBDMO3.csproj", "{266A2F95-6FAA-40E7-985F-E6BAC2CC863D}"
EndProject
Project("{FAE04EC0-301F-11D3-BF4B-00C04F79EFBC}") = "Models", "Models\Models.csproj", "{2F8D8E96-3D41-4CD1-9970-DA91064F1E54}"
EndProject
Global
	GlobalSection(SolutionConfigurationPlatforms) = preSolution
		Debug|Any CPU = Debug|Any CPU
		Release|Any CPU = Release|Any CPU
	EndGlobalSection
	GlobalSection(ProjectConfigurationPlatforms) = postSolution
		{266A2F95-6FAA-40E7-985F-E6BAC2CC863D}.Debug|Any CPU.ActiveCfg = Debug|Any CPU
		{266A2F95-6FAA-40E7-985F-E6BAC2CC863D}.Debug|Any CPU.Build.0 = Debug|Any CPU
		{266A2F95-6FAA-40E7-985F-E6BAC2CC863D}.Release|Any CPU.ActiveCfg = Release|Any CPU
		{266A2F95-6FAA-40E7-985F-E6BAC2CC863D}.Release|Any CPU.Build.0 = Release|Any CPU
		{2F8D8E96-3D41-4CD1-9970-DA91064F1E54}.Debug|Any CPU.ActiveCfg = Debug|Any CPU
		{2F8D8E96-3D41-4CD1-9970-DA91064F1E54}.Debug|Any CPU.Build.0 = Debug|Any CPU
		{2F8D8E96-3D41-4CD1-9970-DA91064F1E54}.Release|Any CPU.ActiveCfg = Release|Any CPU
		{2F8D8E96-3D41-4CD1-9970-DA91064F1E54}.Release|Any CPU.Build.0 = Release|Any CPU
	EndGlobalSection
	GlobalSection(SolutionProperties) = preSolution
		HideSolutionNode = FALSE
	EndGlobalSection
	GlobalSection(ExtensibilityGlobals) = postSolution
		SolutionGuid = {641AEF7F-0562-40BB-971B-0D447C2844AA}
	EndGlobalSection
EndGlobal
